PODS:
  - CryptoSwift (0.11.0)
  - NCTools (1.0.2):
    - CryptoSwift

DEPENDENCIES:
  - NCTools (from `../`)

SPEC REPOS:
  https://github.com/cocoapods/specs.git:
    - CryptoSwift

EXTERNAL SOURCES:
  NCTools:
    :path: "../"

SPEC CHECKSUMS:
  CryptoSwift: ad5208dd2aae0a764ea4ce2c2d34bd067cae67f0
  NCTools: 2278be25aa5eb5f6dd793b718eeca8bdf7838cb5

PODFILE CHECKSUM: 5266fc0af90cc09bcb652d422f89f8fe27fba613

COCOAPODS: 1.6.0.beta.1
